PODS:
  - Flutter (1.0.0)
  - flutter_esim (0.0.1):
    - Flutter
  - flutter_statusbarcolor_ns (0.0.1):
    - Flutter
  - MTBBarcodeScanner (5.0.11)
  - ObjectBox (5.3.0)
  - objectbox_flutter_libs (0.0.1):
    - Flutter
    - ObjectBox (= 5.3.0)
  - qr_code_scanner (0.2.0):
    - Flutter
    - MTBBarcodeScanner

DEPENDENCIES:
  - Flutter (from `Flutter`)
  - flutter_esim (from `.symlinks/plugins/flutter_esim/ios`)
  - flutter_statusbarcolor_ns (from `.symlinks/plugins/flutter_statusbarcolor_ns/ios`)
  - objectbox_flutter_libs (from `.symlinks/plugins/objectbox_flutter_libs/ios`)
  - qr_code_scanner (from `.symlinks/plugins/qr_code_scanner/ios`)

SPEC REPOS:
  trunk:
    - MTBBarcodeScanner
    - ObjectBox

EXTERNAL SOURCES:
  Flutter:
    :path: Flutter
  flutter_esim:
    :path: ".symlinks/plugins/flutter_esim/ios"
  flutter_statusbarcolor_ns:
    :path: ".symlinks/plugins/flutter_statusbarcolor_ns/ios"
  objectbox_flutter_libs:
    :path: ".symlinks/plugins/objectbox_flutter_libs/ios"
  qr_code_scanner:
    :path: ".symlinks/plugins/qr_code_scanner/ios"

SPEC CHECKSUMS:
  Flutter: 71a624a5bc0c04062bf19101d501e466baf2fb47
  flutter_esim: 99a7c04932507d4864018c9232fdac787d331ab2
  flutter_statusbarcolor_ns: 28ea17050f37c962fe05a4722a6d43afc4fca76b
  MTBBarcodeScanner: f453b33c4b7dfe545d8c6484ed744d55671788cb
  ObjectBox: 2aae8ad350012cb53c6e7848064307cf68617f73
  objectbox_flutter_libs: 42b57158b8c4869b731487f220e07d6edc6616e0
  qr_code_scanner: d77f94ecc9abf96d9b9b8fc04ef13f611e5a147a

PODFILE CHECKSUM: 02b37c7e362bdbb120844f2ed82ff95616a21287

COCOAPODS: 1.16.2
